
Microsoft Visual Studio Solution File, Format Version 12.00
# Visual Studio Version 16
VisualStudioVersion = 16.0.29519.181
MinimumVisualStudioVersion = 10.0.40219.1
Project("{FAE04EC0-301F-11D3-BF4B-00C04F79EFBC}") = "task4", "task4\task4.csproj", "{32E09361-32BC-4054-9E08-49910302D95C}"
EndProject
Global
	GlobalSection(SolutionConfigurationPlatforms) = preSolution
		Debug|Any CPU = Debug|Any CPU
		Release|Any CPU = Release|Any CPU
	EndGlobalSection
	GlobalSection(ProjectConfigurationPlatforms) = postSolution
		{32E09361-32BC-4054-9E08-49910302D95C}.Debug|Any CPU.ActiveCfg = Debug|Any CPU
		{32E09361-32BC-4054-9E08-49910302D95C}.Debug|Any CPU.Build.0 = Debug|Any CPU
		{32E09361-32BC-4054-9E08-49910302D95C}.Release|Any CPU.ActiveCfg = Release|Any CPU
		{32E09361-32BC-4054-9E08-49910302D95C}.Release|Any CPU.Build.0 = Release|Any CPU
	EndGlobalSection
	GlobalSection(SolutionProperties) = preSolution
		HideSolutionNode = FALSE
	EndGlobalSection
	GlobalSection(ExtensibilityGlobals) = postSolution
		SolutionGuid = {0DD549EF-7319-450D-A3B9-232F2F87B63F}
	EndGlobalSection
EndGlobal
